// !$*UTF8*$!
{
	archiveVersion = 1;
	classes = {
	};
	objectVersion = 46;
	objects = {

/* Begin PBXBuildFile section */
		06551CD31F9B03BA00AABC15 /* myViewController.m in Sources */ = {isa = PBXBuildFile; fileRef = 06551CD21F9B03BA00AABC15 /* myViewController.m */; };
		2648506B3332F934E4045BC5 /* index.html in Resources */ = {isa = PBXBuildFile; fileRef = 26485789572463807F1F0D6A /* index.html */; };
		2648543CA29C67FB0C9376DA /* AppDelegate.m in Sources */ = {isa = PBXBuildFile; fileRef = 2648558FD5A97A0D3FAB5A65 /* AppDelegate.m */; };
		26485465D99978394C8AACAB /* static in Resources */ = {isa = PBXBuildFile; fileRef = 26485D4E96D1DE0A00BB19A7 /* static */; };
		2648563BCF36D78C21972286 /* ViewController.m in Sources */ = {isa = PBXBuildFile; fileRef = 264851358856B62474B7BD42 /* ViewController.m */; };
		264858375CFC6EF2494CEC42 /* main.m in Sources */ = {isa = PBXBuildFile; fileRef = 264854D86B372ED2501224F5 /* main.m */; };
		2648584C683593F4D94D6C05 /* LaunchScreen.storyboard in Resources */ = {isa = PBXBuildFile; fileRef = 26485C1B0C28A5B0B64C7700 /* LaunchScreen.storyboard */; };
		2648597216D0B833D8AC8FBC /* Main.storyboard in Resources */ = {isa = PBXBuildFile; fileRef = 264858328F14C20B5E18FAF6 /* Main.storyboard */; };
		26485CD3FB859C405C792F6F /* Assets.xcassets in Resources */ = {isa = PBXBuildFile; fileRef = 26485C4E2D56682BA3254654 /* Assets.xcassets */; };
/* End PBXBuildFile section */

/* Begin PBXFileReference section */
		06551CD11F9B03BA00AABC15 /* myViewController.h */ = {isa = PBXFileReference; fileEncoding = 4; lastKnownFileType = sourcecode.c.h; path = myViewController.h; sourceTree = "<group>"; };
		06551CD21F9B03BA00AABC15 /* myViewController.m */ = {isa = PBXFileReference; fileEncoding = 4; lastKnownFileType = sourcecode.c.objc; path = myViewController.m; sourceTree = "<group>"; };
		264850C2FCD565E8219B5AC5 /* ViewController.h */ = {isa = PBXFileReference; lastKnownFileType = sourcecode.c.h; path = ViewController.h; sourceTree = "<group>"; };
		264851358856B62474B7BD42 /* ViewController.m */ = {isa = PBXFileReference; lastKnownFileType = sourcecode.c.objc; path = ViewController.m; sourceTree = "<group>"; };
		26485167665B44F975CFE717 /* Base */ = {isa = PBXFileReference; lastKnownFileType = file.storyboard; name = Base; path = Base.lproj/Main.storyboard; sourceTree = "<group>"; };
		264851C569576732B1CB29EB /* navigation.app */ = {isa = PBXFileReference; explicitFileType = wrapper.application; includeInIndex = 0; path = navigation.app; sourceTree = BUILT_PRODUCTS_DIR; };
		264853893A8A565AA206B4BB /* Base */ = {isa = PBXFileReference; lastKnownFileType = file.storyboard; name = Base; path = Base.lproj/LaunchScreen.storyboard; sourceTree = "<group>"; };
		264854D86B372ED2501224F5 /* main.m */ = {isa = PBXFileReference; lastKnownFileType = sourcecode.c.objc; path = main.m; sourceTree = "<group>"; };
		2648558FD5A97A0D3FAB5A65 /* AppDelegate.m */ = {isa = PBXFileReference; lastKnownFileType = sourcecode.c.objc; path = AppDelegate.m; sourceTree = "<group>"; };
		26485789572463807F1F0D6A /* index.html */ = {isa = PBXFileReference; fileEncoding = 4; lastKnownFileType = text.html; path = index.html; sourceTree = "<group>"; };
		2648586E8AE76CF9D2E1448B /* AppDelegate.h */ = {isa = PBXFileReference; lastKnownFileType = sourcecode.c.h; path = AppDelegate.h; sourceTree = "<group>"; };
		26485A6007023B31CB64D06D /* Info.plist */ = {isa = PBXFileReference; lastKnownFileType = text.plist.info; path = Info.plist; sourceTree = "<group>"; };
		26485C4E2D56682BA3254654 /* Assets.xcassets */ = {isa = PBXFileReference; lastKnownFileType = folder.assetcatalog; path = Assets.xcassets; sourceTree = "<group>"; };
		26485D4E96D1DE0A00BB19A7 /* static */ = {isa = PBXFileReference; fileEncoding = 4; lastKnownFileType = folder; path = static; sourceTree = "<group>"; };
/* End PBXFileReference section */

/* Begin PBXFrameworksBuildPhase section */
		26485F97913EEF9D618F733C /* Frameworks */ = {
			isa = PBXFrameworksBuildPhase;
			buildActionMask = 2147483647;
			files = (
			);
			runOnlyForDeploymentPostprocessing = 0;
		};
/* End PBXFrameworksBuildPhase section */

/* Begin PBXGroup section */
		264850782D254CC6ACA21C6A /* navigation */ = {
			isa = PBXGroup;
			children = (
				26485A6007023B31CB64D06D /* Info.plist */,
				26485C4E2D56682BA3254654 /* Assets.xcassets */,
				26485C1B0C28A5B0B64C7700 /* LaunchScreen.storyboard */,
				26485A94E4CCA8CE381DDAD9 /* Supporting Files */,
				2648586E8AE76CF9D2E1448B /* AppDelegate.h */,
				2648558FD5A97A0D3FAB5A65 /* AppDelegate.m */,
				264858328F14C20B5E18FAF6 /* Main.storyboard */,
				06551CD11F9B03BA00AABC15 /* myViewController.h */,
				06551CD21F9B03BA00AABC15 /* myViewController.m */,
				264850C2FCD565E8219B5AC5 /* ViewController.h */,
				264851358856B62474B7BD42 /* ViewController.m */,
				26485789572463807F1F0D6A /* index.html */,
				26485D4E96D1DE0A00BB19A7 /* static */,
			);
			path = navigation;
			sourceTree = "<group>";
		};
		264850DA197B9D389E22DCEC = {
			isa = PBXGroup;
			children = (
				26485FA62D86ECF1D2BBCBF5 /* Products */,
				264850782D254CC6ACA21C6A /* navigation */,
			);
			sourceTree = "<group>";
		};
		26485A94E4CCA8CE381DDAD9 /* Supporting Files */ = {
			isa = PBXGroup;
			children = (
				264854D86B372ED2501224F5 /* main.m */,
			);
			name = "Supporting Files";
			sourceTree = "<group>";
		};
		26485FA62D86ECF1D2BBCBF5 /* Products */ = {
			isa = PBXGroup;
			children = (
				264851C569576732B1CB29EB /* navigation.app */,
			);
			name = Products;
			sourceTree = "<group>";
		};
/* End PBXGroup section */

/* Begin PBXNativeTarget section */
		2648504ECAB981097961479D /* navigation */ = {
			isa = PBXNativeTarget;
			buildConfigurationList = 2648511D1F42E7FB4CF22B79 /* Build configuration list for PBXNativeTarget "navigation" */;
			buildPhases = (
				26485BE6E51FC509B4D305A6 /* Sources */,
				26485F97913EEF9D618F733C /* Frameworks */,
				26485769A2F9992609840277 /* Resources */,
			);
			buildRules = (
			);
			dependencies = (
			);
			name = navigation;
			productName = navigation;
			productReference = 264851C569576732B1CB29EB /* navigation.app */;
			productType = "com.apple.product-type.application";
		};
/* End PBXNativeTarget section */

/* Begin PBXProject section */
		26485606BE0A349C1B4B3D4F /* Project object */ = {
			isa = PBXProject;
			attributes = {
				ORGANIZATIONNAME = "___FULLUSERNAME___";
			};
			buildConfigurationList = 264859898C1CB43930F98329 /* Build configuration list for PBXProject "navigation" */;
			compatibilityVersion = "Xcode 3.2";
			developmentRegion = English;
			hasScannedForEncodings = 0;
			knownRegions = (
				en,
			);
			mainGroup = 264850DA197B9D389E22DCEC;
			productRefGroup = 26485FA62D86ECF1D2BBCBF5 /* Products */;
			projectDirPath = "";
			projectRoot = "";
			targets = (
				2648504ECAB981097961479D /* navigation */,
			);
		};
/* End PBXProject section */

/* Begin PBXResourcesBuildPhase section */
		26485769A2F9992609840277 /* Resources */ = {
			isa = PBXResourcesBuildPhase;
			buildActionMask = 2147483647;
			files = (
				26485CD3FB859C405C792F6F /* Assets.xcassets in Resources */,
				2648584C683593F4D94D6C05 /* LaunchScreen.storyboard in Resources */,
				2648597216D0B833D8AC8FBC /* Main.storyboard in Resources */,
				2648506B3332F934E4045BC5 /* index.html in Resources */,
				26485465D99978394C8AACAB /* static in Resources */,
			);
			runOnlyForDeploymentPostprocessing = 0;
		};
/* End PBXResourcesBuildPhase section */

/* Begin PBXSourcesBuildPhase section */
		26485BE6E51FC509B4D305A6 /* Sources */ = {
			isa = PBXSourcesBuildPhase;
			buildActionMask = 2147483647;
			files = (
				264858375CFC6EF2494CEC42 /* main.m in Sources */,
				2648543CA29C67FB0C9376DA /* AppDelegate.m in Sources */,
				06551CD31F9B03BA00AABC15 /* myViewController.m in Sources */,
				2648563BCF36D78C21972286 /* ViewController.m in Sources */,
			);
			runOnlyForDeploymentPostprocessing = 0;
		};
/* End PBXSourcesBuildPhase section */

/* Begin PBXVariantGroup section */
		264858328F14C20B5E18FAF6 /* Main.storyboard */ = {
			isa = PBXVariantGroup;
			children = (
				26485167665B44F975CFE717 /* Base */,
			);
			name = Main.storyboard;
			sourceTree = "<group>";
		};
		26485C1B0C28A5B0B64C7700 /* LaunchScreen.storyboard */ = {
			isa = PBXVariantGroup;
			children = (
				264853893A8A565AA206B4BB /* Base */,
			);
			name = LaunchScreen.storyboard;
			sourceTree = "<group>";
		};
/* End PBXVariantGroup section */

/* Begin XCBuildConfiguration section */
		26485658B750B843566ADF2A /* Release */ = {
			isa = XCBuildConfiguration;
			buildSettings = {
				ALWAYS_SEARCH_USER_PATHS = NO;
				CLANG_ANALYZER_NONNULL = YES;
				CLANG_CXX_LANGUAGE_STANDARD = "gnu++0x";
				CLANG_CXX_LIBRARY = "libc++";
				CLANG_ENABLE_MODULES = YES;
				CLANG_ENABLE_OBJC_ARC = YES;
				CLANG_WARN_BOOL_CONVERSION = YES;
				CLANG_WARN_CONSTANT_CONVERSION = YES;
				CLANG_WARN_DIRECT_OBJC_ISA_USAGE = YES_ERROR;
				CLANG_WARN_DOCUMENTATION_COMMENTS = YES;
				CLANG_WARN_EMPTY_BODY = YES;
				CLANG_WARN_ENUM_CONVERSION = YES;
				CLANG_WARN_INFINITE_RECURSION = YES;
				CLANG_WARN_INT_CONVERSION = YES;
				CLANG_WARN_OBJC_ROOT_CLASS = YES_ERROR;
				CLANG_WARN_SUSPICIOUS_MOVE = YES;
				CLANG_WARN_UNREACHABLE_CODE = YES;
				CLANG_WARN__DUPLICATE_METHOD_MATCH = YES;
				"CODE_SIGN_IDENTITY[sdk=iphoneos*]" = "iPhone Developer";
				COPY_PHASE_STRIP = NO;
				DEBUG_INFORMATION_FORMAT = "dwarf-with-dsym";
				ENABLE_NS_ASSERTIONS = NO;
				ENABLE_STRICT_OBJC_MSGSEND = YES;
				GCC_C_LANGUAGE_STANDARD = gnu99;
				GCC_NO_COMMON_BLOCKS = YES;
				GCC_WARN_64_TO_32_BIT_CONVERSION = YES;
				GCC_WARN_ABOUT_RETURN_TYPE = YES_ERROR;
				GCC_WARN_UNDECLARED_SELECTOR = YES;
				GCC_WARN_UNINITIALIZED_AUTOS = YES_AGGRESSIVE;
				GCC_WARN_UNUSED_FUNCTION = YES;
				GCC_WARN_UNUSED_VARIABLE = YES;
				IPHONEOS_DEPLOYMENT_TARGET = 10.2;
				MTL_ENABLE_DEBUG_INFO = NO;
				SDKROOT = iphoneos;
				VALIDATE_PRODUCT = YES;
			};
			name = Release;
		};
		26485A9296927BF9331F4AA5 /* Debug */ = {
			isa = XCBuildConfiguration;
			buildSettings = {
				ASSETCATALOG_COMPILER_APPICON_NAME = AppIcon;
				INFOPLIST_FILE = navigation/Info.plist;
				LD_RUNPATH_SEARCH_PATHS = "$(inherited) @executable_path/Frameworks";
				PRODUCT_BUNDLE_IDENTIFIER = hex.navigation;
				PRODUCT_NAME = "$(TARGET_NAME)";
			};
			name = Debug;
		};
		26485DBF95269E000749C145 /* Debug */ = {
			isa = XCBuildConfiguration;
			buildSettings = {
				ALWAYS_SEARCH_USER_PATHS = NO;
				CLANG_ANALYZER_NONNULL = YES;
				CLANG_CXX_LANGUAGE_STANDARD = "gnu++0x";
				CLANG_CXX_LIBRARY = "libc++";
				CLANG_ENABLE_MODULES = YES;
				CLANG_ENABLE_OBJC_ARC = YES;
				CLANG_WARN_BOOL_CONVERSION = YES;
				CLANG_WARN_CONSTANT_CONVERSION = YES;
				CLANG_WARN_DIRECT_OBJC_ISA_USAGE = YES_ERROR;
				CLANG_WARN_DOCUMENTATION_COMMENTS = YES;
				CLANG_WARN_EMPTY_BODY = YES;
				CLANG_WARN_ENUM_CONVERSION = YES;
				CLANG_WARN_INFINITE_RECURSION = YES;
				CLANG_WARN_INT_CONVERSION = YES;
				CLANG_WARN_OBJC_ROOT_CLASS = YES_ERROR;
				CLANG_WARN_SUSPICIOUS_MOVE = YES;
				CLANG_WARN_UNREACHABLE_CODE = YES;
				CLANG_WARN__DUPLICATE_METHOD_MATCH = YES;
				"CODE_SIGN_IDENTITY[sdk=iphoneos*]" = "iPhone Developer";
				COPY_PHASE_STRIP = NO;
				DEBUG_INFORMATION_FORMAT = dwarf;
				ENABLE_STRICT_OBJC_MSGSEND = YES;
				ENABLE_TESTABILITY = YES;
				GCC_C_LANGUAGE_STANDARD = gnu99;
				GCC_DYNAMIC_NO_PIC = NO;
				GCC_NO_COMMON_BLOCKS = YES;
				GCC_OPTIMIZATION_LEVEL = 0;
				GCC_PREPROCESSOR_DEFINITIONS = (
					"DEBUG=1",
					"$(inherited)",
				);
				GCC_WARN_64_TO_32_BIT_CONVERSION = YES;
				GCC_WARN_ABOUT_RETURN_TYPE = YES_ERROR;
				GCC_WARN_UNDECLARED_SELECTOR = YES;
				GCC_WARN_UNINITIALIZED_AUTOS = YES_AGGRESSIVE;
				GCC_WARN_UNUSED_FUNCTION = YES;
				GCC_WARN_UNUSED_VARIABLE = YES;
				IPHONEOS_DEPLOYMENT_TARGET = 10.2;
				MTL_ENABLE_DEBUG_INFO = YES;
				ONLY_ACTIVE_ARCH = YES;
				SDKROOT = iphoneos;
			};
			name = Debug;
		};
		26485E2083800C8FA7D429E6 /* Release */ = {
			isa = XCBuildConfiguration;
			buildSettings = {
				ASSETCATALOG_COMPILER_APPICON_NAME = AppIcon;
				INFOPLIST_FILE = navigation/Info.plist;
				LD_RUNPATH_SEARCH_PATHS = "$(inherited) @executable_path/Frameworks";
				PRODUCT_BUNDLE_IDENTIFIER = hex.navigation;
				PRODUCT_NAME = "$(TARGET_NAME)";
			};
			name = Release;
		};
/* End XCBuildConfiguration section */

/* Begin XCConfigurationList section */
		2648511D1F42E7FB4CF22B79 /* Build configuration list for PBXNativeTarget "navigation" */ = {
			isa = XCConfigurationList;
			buildConfigurations = (
				26485A9296927BF9331F4AA5 /* Debug */,
				26485E2083800C8FA7D429E6 /* Release */,
			);
			defaultConfigurationIsVisible = 0;
			defaultConfigurationName = Release;
		};
		264859898C1CB43930F98329 /* Build configuration list for PBXProject "navigation" */ = {
			isa = XCConfigurationList;
			buildConfigurations = (
				26485DBF95269E000749C145 /* Debug */,
				26485658B750B843566ADF2A /* Release */,
			);
			defaultConfigurationIsVisible = 0;
			defaultConfigurationName = Release;
		};
/* End XCConfigurationList section */
	};
	rootObject = 26485606BE0A349C1B4B3D4F /* Project object */;
}
